// !$*UTF8*$!
{
	archiveVersion = 1;
	classes = {
	};
	objectVersion = 46;
	objects = {

/* Begin PBXBuildFile section */
		A700CD2D1AA4406A00C0DA4A /* main.m in Sources */ = {isa = PBXBuildFile; fileRef = A700CD2C1AA4406A00C0DA4A /* main.m */; };
		A700CD301AA4406A00C0DA4A /* AppDelegate.m in Sources */ = {isa = PBXBuildFile; fileRef = A700CD2F1AA4406A00C0DA4A /* AppDelegate.m */; };
		A700CD331AA4406A00C0DA4A /* ViewController.m in Sources */ = {isa = PBXBuildFile; fileRef = A700CD321AA4406A00C0DA4A /* ViewController.m */; };
		A700CD361AA4406A00C0DA4A /* Main.storyboard in Resources */ = {isa = PBXBuildFile; fileRef = A700CD341AA4406A00C0DA4A /* Main.storyboard */; };
		A700CD381AA4406A00C0DA4A /* Images.xcassets in Resources */ = {isa = PBXBuildFile; fileRef = A700CD371AA4406A00C0DA4A /* Images.xcassets */; };
		A700CD3B1AA4406A00C0DA4A /* LaunchScreen.xib in Resources */ = {isa = PBXBuildFile; fileRef = A700CD391AA4406A00C0DA4A /* LaunchScreen.xib */; };
		A700CD471AA4406A00C0DA4A /* CircleCISampleTests.m in Sources */ = {isa = PBXBuildFile; fileRef = A700CD461AA4406A00C0DA4A /* CircleCISampleTests.m */; };
/* End PBXBuildFile section */

/* Begin PBXContainerItemProxy section */
		A700CD411AA4406A00C0DA4A /* PBXContainerItemProxy */ = {
			isa = PBXContainerItemProxy;
			containerPortal = A700CD1F1AA4406A00C0DA4A /* Project object */;
			proxyType = 1;
			remoteGlobalIDString = A700CD261AA4406A00C0DA4A;
			remoteInfo = CircleCISample;
		};
/* End PBXContainerItemProxy section */

/* Begin PBXFileReference section */
		A700CD271AA4406A00C0DA4A /* CircleCISample.app */ = {isa = PBXFileReference; explicitFileType = wrapper.application; includeInIndex = 0; path = CircleCISample.app; sourceTree = BUILT_PRODUCTS_DIR; };
		A700CD2B1AA4406A00C0DA4A /* Info.plist */ = {isa = PBXFileReference; lastKnownFileType = text.plist.xml; path = Info.plist; sourceTree = "<group>"; };
		A700CD2C1AA4406A00C0DA4A /* main.m */ = {isa = PBXFileReference; lastKnownFileType = sourcecode.c.objc; path = main.m; sourceTree = "<group>"; };
		A700CD2E1AA4406A00C0DA4A /* AppDelegate.h */ = {isa = PBXFileReference; lastKnownFileType = sourcecode.c.h; path = AppDelegate.h; sourceTree = "<group>"; };
		A700CD2F1AA4406A00C0DA4A /* AppDelegate.m */ = {isa = PBXFileReference; lastKnownFileType = sourcecode.c.objc; path = AppDelegate.m; sourceTree = "<group>"; };
		A700CD311AA4406A00C0DA4A /* ViewController.h */ = {isa = PBXFileReference; lastKnownFileType = sourcecode.c.h; path = ViewController.h; sourceTree = "<group>"; };
		A700CD321AA4406A00C0DA4A /* ViewController.m */ = {isa = PBXFileReference; lastKnownFileType = sourcecode.c.objc; path = ViewController.m; sourceTree = "<group>"; };
		A700CD351AA4406A00C0DA4A /* Base */ = {isa = PBXFileReference; lastKnownFileType = file.storyboard; name = Base; path = Base.lproj/Main.storyboard; sourceTree = "<group>"; };
		A700CD371AA4406A00C0DA4A /* Images.xcassets */ = {isa = PBXFileReference; lastKnownFileType = folder.assetcatalog; path = Images.xcassets; sourceTree = "<group>"; };
		A700CD3A1AA4406A00C0DA4A /* Base */ = {isa = PBXFileReference; lastKnownFileType = file.xib; name = Base; path = Base.lproj/LaunchScreen.xib; sourceTree = "<group>"; };
		A700CD401AA4406A00C0DA4A /* CircleCISampleTests.xctest */ = {isa = PBXFileReference; explicitFileType = wrapper.cfbundle; includeInIndex = 0; path = CircleCISampleTests.xctest; sourceTree = BUILT_PRODUCTS_DIR; };
		A700CD451AA4406A00C0DA4A /* Info.plist */ = {isa = PBXFileReference; lastKnownFileType = text.plist.xml; path = Info.plist; sourceTree = "<group>"; };
		A700CD461AA4406A00C0DA4A /* CircleCISampleTests.m */ = {isa = PBXFileReference; lastKnownFileType = sourcecode.c.objc; path = CircleCISampleTests.m; sourceTree = "<group>"; };
/* End PBXFileReference section */

/* Begin PBXFrameworksBuildPhase section */
		A700CD241AA4406A00C0DA4A /* Frameworks */ = {
			isa = PBXFrameworksBuildPhase;
			buildActionMask = 2147483647;
			files = (
			);
			runOnlyForDeploymentPostprocessing = 0;
		};
		A700CD3D1AA4406A00C0DA4A /* Frameworks */ = {
			isa = PBXFrameworksBuildPhase;
			buildActionMask = 2147483647;
			files = (
			);
			runOnlyForDeploymentPostprocessing = 0;
		};
/* End PBXFrameworksBuildPhase section */

/* Begin PBXGroup section */
		A700CD1E1AA4406A00C0DA4A = {
			isa = PBXGroup;
			children = (
				A700CD291AA4406A00C0DA4A /* CircleCISample */,
				A700CD431AA4406A00C0DA4A /* CircleCISampleTests */,
				A700CD281AA4406A00C0DA4A /* Products */,
			);
			sourceTree = "<group>";
		};
		A700CD281AA4406A00C0DA4A /* Products */ = {
			isa = PBXGroup;
			children = (
				A700CD271AA4406A00C0DA4A /* CircleCISample.app */,
				A700CD401AA4406A00C0DA4A /* CircleCISampleTests.xctest */,
			);
			name = Products;
			sourceTree = "<group>";
		};
		A700CD291AA4406A00C0DA4A /* CircleCISample */ = {
			isa = PBXGroup;
			children = (
				A700CD2E1AA4406A00C0DA4A /* AppDelegate.h */,
				A700CD2F1AA4406A00C0DA4A /* AppDelegate.m */,
				A700CD311AA4406A00C0DA4A /* ViewController.h */,
				A700CD321AA4406A00C0DA4A /* ViewController.m */,
				A700CD341AA4406A00C0DA4A /* Main.storyboard */,
				A700CD371AA4406A00C0DA4A /* Images.xcassets */,
				A700CD391AA4406A00C0DA4A /* LaunchScreen.xib */,
				A700CD2A1AA4406A00C0DA4A /* Supporting Files */,
			);
			path = CircleCISample;
			sourceTree = "<group>";
		};
		A700CD2A1AA4406A00C0DA4A /* Supporting Files */ = {
			isa = PBXGroup;
			children = (
				A700CD2B1AA4406A00C0DA4A /* Info.plist */,
				A700CD2C1AA4406A00C0DA4A /* main.m */,
			);
			name = "Supporting Files";
			sourceTree = "<group>";
		};
		A700CD431AA4406A00C0DA4A /* CircleCISampleTests */ = {
			isa = PBXGroup;
			children = (
				A700CD461AA4406A00C0DA4A /* CircleCISampleTests.m */,
				A700CD441AA4406A00C0DA4A /* Supporting Files */,
			);
			path = CircleCISampleTests;
			sourceTree = "<group>";
		};
		A700CD441AA4406A00C0DA4A /* Supporting Files */ = {
			isa = PBXGroup;
			children = (
				A700CD451AA4406A00C0DA4A /* Info.plist */,
			);
			name = "Supporting Files";
			sourceTree = "<group>";
		};
/* End PBXGroup section */

/* Begin PBXNativeTarget section */
		A700CD261AA4406A00C0DA4A /* CircleCISample */ = {
			isa = PBXNativeTarget;
			buildConfigurationList = A700CD4A1AA4406A00C0DA4A /* Build configuration list for PBXNativeTarget "CircleCISample" */;
			buildPhases = (
				A700CD231AA4406A00C0DA4A /* Sources */,
				A700CD241AA4406A00C0DA4A /* Frameworks */,
				A700CD251AA4406A00C0DA4A /* Resources */,
			);
			buildRules = (
			);
			dependencies = (
			);
			name = CircleCISample;
			productName = CircleCISample;
			productReference = A700CD271AA4406A00C0DA4A /* CircleCISample.app */;
			productType = "com.apple.product-type.application";
		};
		A700CD3F1AA4406A00C0DA4A /* CircleCISampleTests */ = {
			isa = PBXNativeTarget;
			buildConfigurationList = A700CD4D1AA4406A00C0DA4A /* Build configuration list for PBXNativeTarget "CircleCISampleTests" */;
			buildPhases = (
				A700CD3C1AA4406A00C0DA4A /* Sources */,
				A700CD3D1AA4406A00C0DA4A /* Frameworks */,
				A700CD3E1AA4406A00C0DA4A /* Resources */,
			);
			buildRules = (
			);
			dependencies = (
				A700CD421AA4406A00C0DA4A /* PBXTargetDependency */,
			);
			name = CircleCISampleTests;
			productName = CircleCISampleTests;
			productReference = A700CD401AA4406A00C0DA4A /* CircleCISampleTests.xctest */;
			productType = "com.apple.product-type.bundle.unit-test";
		};
/* End PBXNativeTarget section */

/* Begin PBXProject section */
		A700CD1F1AA4406A00C0DA4A /* Project object */ = {
			isa = PBXProject;
			attributes = {
				LastUpgradeCheck = 0610;
				ORGANIZATIONNAME = "Teppei Fujisawa";
				TargetAttributes = {
					A700CD261AA4406A00C0DA4A = {
						CreatedOnToolsVersion = 6.1.1;
					};
					A700CD3F1AA4406A00C0DA4A = {
						CreatedOnToolsVersion = 6.1.1;
						TestTargetID = A700CD261AA4406A00C0DA4A;
					};
				};
			};
			buildConfigurationList = A700CD221AA4406A00C0DA4A /* Build configuration list for PBXProject "CircleCISample" */;
			compatibilityVersion = "Xcode 3.2";
			developmentRegion = English;
			hasScannedForEncodings = 0;
			knownRegions = (
				en,
				Base,
			);
			mainGroup = A700CD1E1AA4406A00C0DA4A;
			productRefGroup = A700CD281AA4406A00C0DA4A /* Products */;
			projectDirPath = "";
			projectRoot = "";
			targets = (
				A700CD261AA4406A00C0DA4A /* CircleCISample */,
				A700CD3F1AA4406A00C0DA4A /* CircleCISampleTests */,
			);
		};
/* End PBXProject section */

/* Begin PBXResourcesBuildPhase section */
		A700CD251AA4406A00C0DA4A /* Resources */ = {
			isa = PBXResourcesBuildPhase;
			buildActionMask = 2147483647;
			files = (
				A700CD361AA4406A00C0DA4A /* Main.storyboard in Resources */,
				A700CD3B1AA4406A00C0DA4A /* LaunchScreen.xib in Resources */,
				A700CD381AA4406A00C0DA4A /* Images.xcassets in Resources */,
			);
			runOnlyForDeploymentPostprocessing = 0;
		};
		A700CD3E1AA4406A00C0DA4A /* Resources */ = {
			isa = PBXResourcesBuildPhase;
			buildActionMask = 2147483647;
			files = (
			);
			runOnlyForDeploymentPostprocessing = 0;
		};
/* End PBXResourcesBuildPhase section */

/* Begin PBXSourcesBuildPhase section */
		A700CD231AA4406A00C0DA4A /* Sources */ = {
			isa = PBXSourcesBuildPhase;
			buildActionMask = 2147483647;
			files = (
				A700CD331AA4406A00C0DA4A /* ViewController.m in Sources */,
				A700CD301AA4406A00C0DA4A /* AppDelegate.m in Sources */,
				A700CD2D1AA4406A00C0DA4A /* main.m in Sources */,
			);
			runOnlyForDeploymentPostprocessing = 0;
		};
		A700CD3C1AA4406A00C0DA4A /* Sources */ = {
			isa = PBXSourcesBuildPhase;
			buildActionMask = 2147483647;
			files = (
				A700CD471AA4406A00C0DA4A /* CircleCISampleTests.m in Sources */,
			);
			runOnlyForDeploymentPostprocessing = 0;
		};
/* End PBXSourcesBuildPhase section */

/* Begin PBXTargetDependency section */
		A700CD421AA4406A00C0DA4A /* PBXTargetDependency */ = {
			isa = PBXTargetDependency;
			target = A700CD261AA4406A00C0DA4A /* CircleCISample */;
			targetProxy = A700CD411AA4406A00C0DA4A /* PBXContainerItemProxy */;
		};
/* End PBXTargetDependency section */

/* Begin PBXVariantGroup section */
		A700CD341AA4406A00C0DA4A /* Main.storyboard */ = {
			isa = PBXVariantGroup;
			children = (
				A700CD351AA4406A00C0DA4A /* Base */,
			);
			name = Main.storyboard;
			sourceTree = "<group>";
		};
		A700CD391AA4406A00C0DA4A /* LaunchScreen.xib */ = {
			isa = PBXVariantGroup;
			children = (
				A700CD3A1AA4406A00C0DA4A /* Base */,
			);
			name = LaunchScreen.xib;
			sourceTree = "<group>";
		};
/* End PBXVariantGroup section */

/* Begin XCBuildConfiguration section */
		A700CD481AA4406A00C0DA4A /* Debug */ = {
			isa = XCBuildConfiguration;
			buildSettings = {
				ALWAYS_SEARCH_USER_PATHS = NO;
				CLANG_CXX_LANGUAGE_STANDARD = "gnu++0x";
				CLANG_CXX_LIBRARY = "libc++";
				CLANG_ENABLE_MODULES = YES;
				CLANG_ENABLE_OBJC_ARC = YES;
				CLANG_WARN_BOOL_CONVERSION = YES;
				CLANG_WARN_CONSTANT_CONVERSION = YES;
				CLANG_WARN_DIRECT_OBJC_ISA_USAGE = YES_ERROR;
				CLANG_WARN_EMPTY_BODY = YES;
				CLANG_WARN_ENUM_CONVERSION = YES;
				CLANG_WARN_INT_CONVERSION = YES;
				CLANG_WARN_OBJC_ROOT_CLASS = YES_ERROR;
				CLANG_WARN_UNREACHABLE_CODE = YES;
				CLANG_WARN__DUPLICATE_METHOD_MATCH = YES;
				"CODE_SIGN_IDENTITY[sdk=iphoneos*]" = "iPhone Developer";
				COPY_PHASE_STRIP = NO;
				ENABLE_STRICT_OBJC_MSGSEND = YES;
				GCC_C_LANGUAGE_STANDARD = gnu99;
				GCC_DYNAMIC_NO_PIC = NO;
				GCC_OPTIMIZATION_LEVEL = 0;
				GCC_PREPROCESSOR_DEFINITIONS = (
					"DEBUG=1",
					"$(inherited)",
				);
				GCC_SYMBOLS_PRIVATE_EXTERN = NO;
				GCC_WARN_64_TO_32_BIT_CONVERSION = YES;
				GCC_WARN_ABOUT_RETURN_TYPE = YES_ERROR;
				GCC_WARN_UNDECLARED_SELECTOR = YES;
				GCC_WARN_UNINITIALIZED_AUTOS = YES_AGGRESSIVE;
				GCC_WARN_UNUSED_FUNCTION = YES;
				GCC_WARN_UNUSED_VARIABLE = YES;
				IPHONEOS_DEPLOYMENT_TARGET = 8.1;
				MTL_ENABLE_DEBUG_INFO = YES;
				ONLY_ACTIVE_ARCH = YES;
				SDKROOT = iphoneos;
			};
			name = Debug;
		};
		A700CD491AA4406A00C0DA4A /* Release */ = {
			isa = XCBuildConfiguration;
			buildSettings = {
				ALWAYS_SEARCH_USER_PATHS = NO;
				CLANG_CXX_LANGUAGE_STANDARD = "gnu++0x";
				CLANG_CXX_LIBRARY = "libc++";
				CLANG_ENABLE_MODULES = YES;
				CLANG_ENABLE_OBJC_ARC = YES;
				CLANG_WARN_BOOL_CONVERSION = YES;
				CLANG_WARN_CONSTANT_CONVERSION = YES;
				CLANG_WARN_DIRECT_OBJC_ISA_USAGE = YES_ERROR;
				CLANG_WARN_EMPTY_BODY = YES;
				CLANG_WARN_ENUM_CONVERSION = YES;
				CLANG_WARN_INT_CONVERSION = YES;
				CLANG_WARN_OBJC_ROOT_CLASS = YES_ERROR;
				CLANG_WARN_UNREACHABLE_CODE = YES;
				CLANG_WARN__DUPLICATE_METHOD_MATCH = YES;
				"CODE_SIGN_IDENTITY[sdk=iphoneos*]" = "iPhone Developer";
				COPY_PHASE_STRIP = YES;
				ENABLE_NS_ASSERTIONS = NO;
				ENABLE_STRICT_OBJC_MSGSEND = YES;
				GCC_C_LANGUAGE_STANDARD = gnu99;
				GCC_WARN_64_TO_32_BIT_CONVERSION = YES;
				GCC_WARN_ABOUT_RETURN_TYPE = YES_ERROR;
				GCC_WARN_UNDECLARED_SELECTOR = YES;
				GCC_WARN_UNINITIALIZED_AUTOS = YES_AGGRESSIVE;
				GCC_WARN_UNUSED_FUNCTION = YES;
				GCC_WARN_UNUSED_VARIABLE = YES;
				IPHONEOS_DEPLOYMENT_TARGET = 8.1;
				MTL_ENABLE_DEBUG_INFO = NO;
				SDKROOT = iphoneos;
				VALIDATE_PRODUCT = YES;
			};
			name = Release;
		};
		A700CD4B1AA4406A00C0DA4A /* Debug */ = {
			isa = XCBuildConfiguration;
			buildSettings = {
				ASSETCATALOG_COMPILER_APPICON_NAME = AppIcon;
				INFOPLIST_FILE = CircleCISample/Info.plist;
				LD_RUNPATH_SEARCH_PATHS = "$(inherited) @executable_path/Frameworks";
				PRODUCT_NAME = "$(TARGET_NAME)";
			};
			name = Debug;
		};
		A700CD4C1AA4406A00C0DA4A /* Release */ = {
			isa = XCBuildConfiguration;
			buildSettings = {
				ASSETCATALOG_COMPILER_APPICON_NAME = AppIcon;
				INFOPLIST_FILE = CircleCISample/Info.plist;
				LD_RUNPATH_SEARCH_PATHS = "$(inherited) @executable_path/Frameworks";
				PRODUCT_NAME = "$(TARGET_NAME)";
			};
			name = Release;
		};
		A700CD4E1AA4406A00C0DA4A /* Debug */ = {
			isa = XCBuildConfiguration;
			buildSettings = {
				BUNDLE_LOADER = "$(TEST_HOST)";
				FRAMEWORK_SEARCH_PATHS = (
					"$(SDKROOT)/Developer/Library/Frameworks",
					"$(inherited)",
				);
				GCC_PREPROCESSOR_DEFINITIONS = (
					"DEBUG=1",
					"$(inherited)",
				);
				INFOPLIST_FILE = CircleCISampleTests/Info.plist;
				LD_RUNPATH_SEARCH_PATHS = "$(inherited) @executable_path/Frameworks @loader_path/Frameworks";
				PRODUCT_NAME = "$(TARGET_NAME)";
				TEST_HOST = "$(BUILT_PRODUCTS_DIR)/CircleCISample.app/CircleCISample";
			};
			name = Debug;
		};
		A700CD4F1AA4406A00C0DA4A /* Release */ = {
			isa = XCBuildConfiguration;
			buildSettings = {
				BUNDLE_LOADER = "$(TEST_HOST)";
				FRAMEWORK_SEARCH_PATHS = (
					"$(SDKROOT)/Developer/Library/Frameworks",
					"$(inherited)",
				);
				INFOPLIST_FILE = CircleCISampleTests/Info.plist;
				LD_RUNPATH_SEARCH_PATHS = "$(inherited) @executable_path/Frameworks @loader_path/Frameworks";
				PRODUCT_NAME = "$(TARGET_NAME)";
				TEST_HOST = "$(BUILT_PRODUCTS_DIR)/CircleCISample.app/CircleCISample";
			};
			name = Release;
		};
/* End XCBuildConfiguration section */

/* Begin XCConfigurationList section */
		A700CD221AA4406A00C0DA4A /* Build configuration list for PBXProject "CircleCISample" */ = {
			isa = XCConfigurationList;
			buildConfigurations = (
				A700CD481AA4406A00C0DA4A /* Debug */,
				A700CD491AA4406A00C0DA4A /* Release */,
			);
			defaultConfigurationIsVisible = 0;
			defaultConfigurationName = Release;
		};
		A700CD4A1AA4406A00C0DA4A /* Build configuration list for PBXNativeTarget "CircleCISample" */ = {
			isa = XCConfigurationList;
			buildConfigurations = (
				A700CD4B1AA4406A00C0DA4A /* Debug */,
				A700CD4C1AA4406A00C0DA4A /* Release */,
			);
			defaultConfigurationIsVisible = 0;
		};
		A700CD4D1AA4406A00C0DA4A /* Build configuration list for PBXNativeTarget "CircleCISampleTests" */ = {
			isa = XCConfigurationList;
			buildConfigurations = (
				A700CD4E1AA4406A00C0DA4A /* Debug */,
				A700CD4F1AA4406A00C0DA4A /* Release */,
			);
			defaultConfigurationIsVisible = 0;
		};
/* End XCConfigurationList section */
	};
	rootObject = A700CD1F1AA4406A00C0DA4A /* Project object */;
}
